
Microsoft Visual Studio Solution File, Format Version 12.00
# Visual Studio 14
VisualStudioVersion = 14.0.25420.1
MinimumVisualStudioVersion = 10.0.40219.1
Project("{FAE04EC0-301F-11D3-BF4B-00C04F79EFBC}") = "entrainement", "entrainement\entrainement.csproj", "{282C9DD1-514D-4153-8A86-B8918A66B458}"
EndProject
Project("{FAE04EC0-301F-11D3-BF4B-00C04F79EFBC}") = "PGCD", "PGCD\PGCD.csproj", "{A6F91F82-0C46-442D-B7B6-F4587605D19E}"
EndProject
Project("{FAE04EC0-301F-11D3-BF4B-00C04F79EFBC}") = "nombre_entier", "nombre_entier\nombre_entier.csproj", "{6CF53DC2-BDAF-4945-832A-FE69ADE52CC5}"
EndProject
Project("{FAE04EC0-301F-11D3-BF4B-00C04F79EFBC}") = "correction", "correction\correction.csproj", "{CFEFDA46-A065-41C4-A2BD-9112538A9010}"
EndProject
Project("{FAE04EC0-301F-11D3-BF4B-00C04F79EFBC}") = "triabulle", "triabulle\triabulle.csproj", "{090CF9F5-040B-4230-B21A-8F7050F42E1C}"
EndProject
Project("{FAE04EC0-301F-11D3-BF4B-00C04F79EFBC}") = "compte_voyelle_et_consonne", "compte_voyelle_et_consonne\compte_voyelle_et_consonne.csproj", "{1BCF4738-DAB7-4EAE-9C4C-330DC0B217E4}"
EndProject
Project("{FAE04EC0-301F-11D3-BF4B-00C04F79EFBC}") = "login", "login\login.csproj", "{3841EC3D-AB08-4884-A677-16DE5F8355F2}"
EndProject
Global
	GlobalSection(SolutionConfigurationPlatforms) = preSolution
		Debug|Any CPU = Debug|Any CPU
		Release|Any CPU = Release|Any CPU
	EndGlobalSection
	GlobalSection(ProjectConfigurationPlatforms) = postSolution
		{282C9DD1-514D-4153-8A86-B8918A66B458}.Debug|Any CPU.ActiveCfg = Debug|Any CPU
		{282C9DD1-514D-4153-8A86-B8918A66B458}.Debug|Any CPU.Build.0 = Debug|Any CPU
		{282C9DD1-514D-4153-8A86-B8918A66B458}.Release|Any CPU.ActiveCfg = Release|Any CPU
		{282C9DD1-514D-4153-8A86-B8918A66B458}.Release|Any CPU.Build.0 = Release|Any CPU
		{A6F91F82-0C46-442D-B7B6-F4587605D19E}.Debug|Any CPU.ActiveCfg = Debug|Any CPU
		{A6F91F82-0C46-442D-B7B6-F4587605D19E}.Debug|Any CPU.Build.0 = Debug|Any CPU
		{A6F91F82-0C46-442D-B7B6-F4587605D19E}.Release|Any CPU.ActiveCfg = Release|Any CPU
		{A6F91F82-0C46-442D-B7B6-F4587605D19E}.Release|Any CPU.Build.0 = Release|Any CPU
		{6CF53DC2-BDAF-4945-832A-FE69ADE52CC5}.Debug|Any CPU.ActiveCfg = Debug|Any CPU
		{6CF53DC2-BDAF-4945-832A-FE69ADE52CC5}.Debug|Any CPU.Build.0 = Debug|Any CPU
		{6CF53DC2-BDAF-4945-832A-FE69ADE52CC5}.Release|Any CPU.ActiveCfg = Release|Any CPU
		{6CF53DC2-BDAF-4945-832A-FE69ADE52CC5}.Release|Any CPU.Build.0 = Release|Any CPU
		{CFEFDA46-A065-41C4-A2BD-9112538A9010}.Debug|Any CPU.ActiveCfg = Debug|Any CPU
		{CFEFDA46-A065-41C4-A2BD-9112538A9010}.Debug|Any CPU.Build.0 = Debug|Any CPU
		{CFEFDA46-A065-41C4-A2BD-9112538A9010}.Release|Any CPU.ActiveCfg = Release|Any CPU
		{CFEFDA46-A065-41C4-A2BD-9112538A9010}.Release|Any CPU.Build.0 = Release|Any CPU
		{090CF9F5-040B-4230-B21A-8F7050F42E1C}.Debug|Any CPU.ActiveCfg = Debug|Any CPU
		{090CF9F5-040B-4230-B21A-8F7050F42E1C}.Debug|Any CPU.Build.0 = Debug|Any CPU
		{090CF9F5-040B-4230-B21A-8F7050F42E1C}.Release|Any CPU.ActiveCfg = Release|Any CPU
		{090CF9F5-040B-4230-B21A-8F7050F42E1C}.Release|Any CPU.Build.0 = Release|Any CPU
		{1BCF4738-DAB7-4EAE-9C4C-330DC0B217E4}.Debug|Any CPU.ActiveCfg = Debug|Any CPU
		{1BCF4738-DAB7-4EAE-9C4C-330DC0B217E4}.Debug|Any CPU.Build.0 = Debug|Any CPU
		{1BCF4738-DAB7-4EAE-9C4C-330DC0B217E4}.Release|Any CPU.ActiveCfg = Release|Any CPU
		{1BCF4738-DAB7-4EAE-9C4C-330DC0B217E4}.Release|Any CPU.Build.0 = Release|Any CPU
		{3841EC3D-AB08-4884-A677-16DE5F8355F2}.Debug|Any CPU.ActiveCfg = Debug|Any CPU
		{3841EC3D-AB08-4884-A677-16DE5F8355F2}.Debug|Any CPU.Build.0 = Debug|Any CPU
		{3841EC3D-AB08-4884-A677-16DE5F8355F2}.Release|Any CPU.ActiveCfg = Release|Any CPU
		{3841EC3D-AB08-4884-A677-16DE5F8355F2}.Release|Any CPU.Build.0 = Release|Any CPU
	EndGlobalSection
	GlobalSection(SolutionProperties) = preSolution
		HideSolutionNode = FALSE
	EndGlobalSection
EndGlobal
