
Microsoft Visual Studio Solution File, Format Version 12.00
# Visual Studio 14
VisualStudioVersion = 14.0.25420.1
MinimumVisualStudioVersion = 10.0.40219.1
Project("{FAE04EC0-301F-11D3-BF4B-00C04F79EFBC}") = "entrainement", "entrainement\entrainement.csproj", "{282C9DD1-514D-4153-8A86-B8918A66B458}"
EndProject
Project("{FAE04EC0-301F-11D3-BF4B-00C04F79EFBC}") = "PGCD", "PGCD\PGCD.csproj", "{A6F91F82-0C46-442D-B7B6-F4587605D19E}"
EndProject
Project("{FAE04EC0-301F-11D3-BF4B-00C04F79EFBC}") = "nombre_entier", "nombre_entier\nombre_entier.csproj", "{6CF53DC2-BDAF-4945-832A-FE69ADE52CC5}"
EndProject
Project("{FAE04EC0-301F-11D3-BF4B-00C04F79EFBC}") = "correction", "correction\correction.csproj", "{CFEFDA46-A065-41C4-A2BD-9112538A9010}"
EndProject
Project("{FAE04EC0-301F-11D3-BF4B-00C04F79EFBC}") = "triabulle", "triabulle\triabulle.csproj", "{090CF9F5-040B-4230-B21A-8F7050F42E1C}"
EndProject
Project("{FAE04EC0-301F-11D3-BF4B-00C04F79EFBC}") = "compte_voyelle_et_consonne", "compte_voyelle_et_consonne\compte_voyelle_et_consonne.csproj", "{1BCF4738-DAB7-4EAE-9C4C-330DC0B217E4}"
EndProject
Project("{FAE04EC0-301F-11D3-BF4B-00C04F79EFBC}") = "login", "login\login.csproj", "{3841EC3D-AB08-4884-A677-16DE5F8355F2}"
EndProject
Project("{FAE04EC0-301F-11D3-BF4B-00C04F79EFBC}") = "Compte_bancaire", "Compte_bancaire\Compte_bancaire.csproj", "{6F173C8A-2AAF-42A8-B236-13E8AFA45F6F}"
EndProject
Project("{FAE04EC0-301F-11D3-BF4B-00C04F79EFBC}") = "Boites", "Boites\Boites.csproj", "{971CAD3E-B903-490A-94B5-FF366ABD8D65}"
EndProject
Project("{FAE04EC0-301F-11D3-BF4B-00C04F79EFBC}") = "Véhicules", "Véhicules\Véhicules.csproj", "{757B988B-15A1-43AB-A04B-F8C60264BB14}"
EndProject
Project("{FAE04EC0-301F-11D3-BF4B-00C04F79EFBC}") = "UnitTestProject1", "UnitTestProject1\UnitTestProject1.csproj", "{1472A8EC-3623-4FF3-B8F1-E08CF549F0A5}"
EndProject
Project("{FAE04EC0-301F-11D3-BF4B-00C04F79EFBC}") = "ExCryptage", "ExCryptage\ExCryptage.csproj", "{B7E7FB4B-6709-4610-966A-3AF6B03D8E0C}"
EndProject
Project("{FAE04EC0-301F-11D3-BF4B-00C04F79EFBC}") = "Statuts", "Statuts\Statuts.csproj", "{088001CF-5C14-4ED9-A966-9D553D4F6C85}"
EndProject
Project("{FAE04EC0-301F-11D3-BF4B-00C04F79EFBC}") = "JeuDeRoulette", "JeuDeRoulette\JeuDeRoulette.csproj", "{5BC63766-7FFA-4FF6-AA13-71151D535A20}"
EndProject
Project("{FAE04EC0-301F-11D3-BF4B-00C04F79EFBC}") = "Linq", "Linq\Linq.csproj", "{B4CE104E-CE29-4B76-A3D2-8368D5B31285}"
EndProject
Project("{FAE04EC0-301F-11D3-BF4B-00C04F79EFBC}") = "POO", "POO\POO.csproj", "{2977BD2E-1C80-4FF8-98B5-E96187BCBFB1}"
EndProject
Project("{FAE04EC0-301F-11D3-BF4B-00C04F79EFBC}") = "Explorateur", "Explorateur\Explorateur.csproj", "{71C02AEA-B4E6-425C-87A6-B609039D3BD9}"
EndProject
Global
	GlobalSection(SolutionConfigurationPlatforms) = preSolution
		Debug|Any CPU = Debug|Any CPU
		Release|Any CPU = Release|Any CPU
	EndGlobalSection
	GlobalSection(ProjectConfigurationPlatforms) = postSolution
		{282C9DD1-514D-4153-8A86-B8918A66B458}.Debug|Any CPU.ActiveCfg = Debug|Any CPU
		{282C9DD1-514D-4153-8A86-B8918A66B458}.Debug|Any CPU.Build.0 = Debug|Any CPU
		{282C9DD1-514D-4153-8A86-B8918A66B458}.Release|Any CPU.ActiveCfg = Release|Any CPU
		{282C9DD1-514D-4153-8A86-B8918A66B458}.Release|Any CPU.Build.0 = Release|Any CPU
		{A6F91F82-0C46-442D-B7B6-F4587605D19E}.Debug|Any CPU.ActiveCfg = Debug|Any CPU
		{A6F91F82-0C46-442D-B7B6-F4587605D19E}.Debug|Any CPU.Build.0 = Debug|Any CPU
		{A6F91F82-0C46-442D-B7B6-F4587605D19E}.Release|Any CPU.ActiveCfg = Release|Any CPU
		{A6F91F82-0C46-442D-B7B6-F4587605D19E}.Release|Any CPU.Build.0 = Release|Any CPU
		{6CF53DC2-BDAF-4945-832A-FE69ADE52CC5}.Debug|Any CPU.ActiveCfg = Debug|Any CPU
		{6CF53DC2-BDAF-4945-832A-FE69ADE52CC5}.Debug|Any CPU.Build.0 = Debug|Any CPU
		{6CF53DC2-BDAF-4945-832A-FE69ADE52CC5}.Release|Any CPU.ActiveCfg = Release|Any CPU
		{6CF53DC2-BDAF-4945-832A-FE69ADE52CC5}.Release|Any CPU.Build.0 = Release|Any CPU
		{CFEFDA46-A065-41C4-A2BD-9112538A9010}.Debug|Any CPU.ActiveCfg = Debug|Any CPU
		{CFEFDA46-A065-41C4-A2BD-9112538A9010}.Debug|Any CPU.Build.0 = Debug|Any CPU
		{CFEFDA46-A065-41C4-A2BD-9112538A9010}.Release|Any CPU.ActiveCfg = Release|Any CPU
		{CFEFDA46-A065-41C4-A2BD-9112538A9010}.Release|Any CPU.Build.0 = Release|Any CPU
		{090CF9F5-040B-4230-B21A-8F7050F42E1C}.Debug|Any CPU.ActiveCfg = Debug|Any CPU
		{090CF9F5-040B-4230-B21A-8F7050F42E1C}.Debug|Any CPU.Build.0 = Debug|Any CPU
		{090CF9F5-040B-4230-B21A-8F7050F42E1C}.Release|Any CPU.ActiveCfg = Release|Any CPU
		{090CF9F5-040B-4230-B21A-8F7050F42E1C}.Release|Any CPU.Build.0 = Release|Any CPU
		{1BCF4738-DAB7-4EAE-9C4C-330DC0B217E4}.Debug|Any CPU.ActiveCfg = Debug|Any CPU
		{1BCF4738-DAB7-4EAE-9C4C-330DC0B217E4}.Debug|Any CPU.Build.0 = Debug|Any CPU
		{1BCF4738-DAB7-4EAE-9C4C-330DC0B217E4}.Release|Any CPU.ActiveCfg = Release|Any CPU
		{1BCF4738-DAB7-4EAE-9C4C-330DC0B217E4}.Release|Any CPU.Build.0 = Release|Any CPU
		{3841EC3D-AB08-4884-A677-16DE5F8355F2}.Debug|Any CPU.ActiveCfg = Debug|Any CPU
		{3841EC3D-AB08-4884-A677-16DE5F8355F2}.Debug|Any CPU.Build.0 = Debug|Any CPU
		{3841EC3D-AB08-4884-A677-16DE5F8355F2}.Release|Any CPU.ActiveCfg = Release|Any CPU
		{3841EC3D-AB08-4884-A677-16DE5F8355F2}.Release|Any CPU.Build.0 = Release|Any CPU
		{6F173C8A-2AAF-42A8-B236-13E8AFA45F6F}.Debug|Any CPU.ActiveCfg = Debug|Any CPU
		{6F173C8A-2AAF-42A8-B236-13E8AFA45F6F}.Debug|Any CPU.Build.0 = Debug|Any CPU
		{6F173C8A-2AAF-42A8-B236-13E8AFA45F6F}.Release|Any CPU.ActiveCfg = Release|Any CPU
		{6F173C8A-2AAF-42A8-B236-13E8AFA45F6F}.Release|Any CPU.Build.0 = Release|Any CPU
		{971CAD3E-B903-490A-94B5-FF366ABD8D65}.Debug|Any CPU.ActiveCfg = Debug|Any CPU
		{971CAD3E-B903-490A-94B5-FF366ABD8D65}.Debug|Any CPU.Build.0 = Debug|Any CPU
		{971CAD3E-B903-490A-94B5-FF366ABD8D65}.Release|Any CPU.ActiveCfg = Release|Any CPU
		{971CAD3E-B903-490A-94B5-FF366ABD8D65}.Release|Any CPU.Build.0 = Release|Any CPU
		{757B988B-15A1-43AB-A04B-F8C60264BB14}.Debug|Any CPU.ActiveCfg = Debug|Any CPU
		{757B988B-15A1-43AB-A04B-F8C60264BB14}.Debug|Any CPU.Build.0 = Debug|Any CPU
		{757B988B-15A1-43AB-A04B-F8C60264BB14}.Release|Any CPU.ActiveCfg = Release|Any CPU
		{757B988B-15A1-43AB-A04B-F8C60264BB14}.Release|Any CPU.Build.0 = Release|Any CPU
		{1472A8EC-3623-4FF3-B8F1-E08CF549F0A5}.Debug|Any CPU.ActiveCfg = Debug|Any CPU
		{1472A8EC-3623-4FF3-B8F1-E08CF549F0A5}.Debug|Any CPU.Build.0 = Debug|Any CPU
		{1472A8EC-3623-4FF3-B8F1-E08CF549F0A5}.Release|Any CPU.ActiveCfg = Release|Any CPU
		{1472A8EC-3623-4FF3-B8F1-E08CF549F0A5}.Release|Any CPU.Build.0 = Release|Any CPU
		{B7E7FB4B-6709-4610-966A-3AF6B03D8E0C}.Debug|Any CPU.ActiveCfg = Debug|Any CPU
		{B7E7FB4B-6709-4610-966A-3AF6B03D8E0C}.Debug|Any CPU.Build.0 = Debug|Any CPU
		{B7E7FB4B-6709-4610-966A-3AF6B03D8E0C}.Release|Any CPU.ActiveCfg = Release|Any CPU
		{B7E7FB4B-6709-4610-966A-3AF6B03D8E0C}.Release|Any CPU.Build.0 = Release|Any CPU
		{088001CF-5C14-4ED9-A966-9D553D4F6C85}.Debug|Any CPU.ActiveCfg = Debug|Any CPU
		{088001CF-5C14-4ED9-A966-9D553D4F6C85}.Debug|Any CPU.Build.0 = Debug|Any CPU
		{088001CF-5C14-4ED9-A966-9D553D4F6C85}.Release|Any CPU.ActiveCfg = Release|Any CPU
		{088001CF-5C14-4ED9-A966-9D553D4F6C85}.Release|Any CPU.Build.0 = Release|Any CPU
		{5BC63766-7FFA-4FF6-AA13-71151D535A20}.Debug|Any CPU.ActiveCfg = Debug|Any CPU
		{5BC63766-7FFA-4FF6-AA13-71151D535A20}.Debug|Any CPU.Build.0 = Debug|Any CPU
		{5BC63766-7FFA-4FF6-AA13-71151D535A20}.Release|Any CPU.ActiveCfg = Release|Any CPU
		{5BC63766-7FFA-4FF6-AA13-71151D535A20}.Release|Any CPU.Build.0 = Release|Any CPU
		{B4CE104E-CE29-4B76-A3D2-8368D5B31285}.Debug|Any CPU.ActiveCfg = Debug|Any CPU
		{B4CE104E-CE29-4B76-A3D2-8368D5B31285}.Debug|Any CPU.Build.0 = Debug|Any CPU
		{B4CE104E-CE29-4B76-A3D2-8368D5B31285}.Release|Any CPU.ActiveCfg = Release|Any CPU
		{B4CE104E-CE29-4B76-A3D2-8368D5B31285}.Release|Any CPU.Build.0 = Release|Any CPU
		{2977BD2E-1C80-4FF8-98B5-E96187BCBFB1}.Debug|Any CPU.ActiveCfg = Debug|Any CPU
		{2977BD2E-1C80-4FF8-98B5-E96187BCBFB1}.Debug|Any CPU.Build.0 = Debug|Any CPU
		{2977BD2E-1C80-4FF8-98B5-E96187BCBFB1}.Release|Any CPU.ActiveCfg = Release|Any CPU
		{2977BD2E-1C80-4FF8-98B5-E96187BCBFB1}.Release|Any CPU.Build.0 = Release|Any CPU
		{71C02AEA-B4E6-425C-87A6-B609039D3BD9}.Debug|Any CPU.ActiveCfg = Debug|Any CPU
		{71C02AEA-B4E6-425C-87A6-B609039D3BD9}.Debug|Any CPU.Build.0 = Debug|Any CPU
		{71C02AEA-B4E6-425C-87A6-B609039D3BD9}.Release|Any CPU.ActiveCfg = Release|Any CPU
		{71C02AEA-B4E6-425C-87A6-B609039D3BD9}.Release|Any CPU.Build.0 = Release|Any CPU
	EndGlobalSection
	GlobalSection(SolutionProperties) = preSolution
		HideSolutionNode = FALSE
	EndGlobalSection
EndGlobal
